Microsoft Visual Studio Solution File, Format Version 12.00
# Visual Studio Version 17
VisualStudioVersion = 17.5.2.0
MinimumVisualStudioVersion = 10.0.40219.1
Project("{FAE04EC0-301F-11D3-BF4B-00C04F79EFBC}") = "firelyCsharpFhir", "firelyCsharpFhir.csproj", "{58678E76-6DA9-E4C4-76C9-9EFD9C57A87B}"
EndProject
Global
	GlobalSection(SolutionConfigurationPlatforms) = preSolution
		Debug|Any CPU = Debug|Any CPU
		Release|Any CPU = Release|Any CPU
	EndGlobalSection
	GlobalSection(ProjectConfigurationPlatforms) = postSolution
		{58678E76-6DA9-E4C4-76C9-9EFD9C57A87B}.Debug|Any CPU.ActiveCfg = Debug|Any CPU
		{58678E76-6DA9-E4C4-76C9-9EFD9C57A87B}.Debug|Any CPU.Build.0 = Debug|Any CPU
		{58678E76-6DA9-E4C4-76C9-9EFD9C57A87B}.Release|Any CPU.ActiveCfg = Release|Any CPU
		{58678E76-6DA9-E4C4-76C9-9EFD9C57A87B}.Release|Any CPU.Build.0 = Release|Any CPU
	EndGlobalSection
	GlobalSection(SolutionProperties) = preSolution
		HideSolutionNode = FALSE
	EndGlobalSection
	GlobalSection(ExtensibilityGlobals) = postSolution
		SolutionGuid = {833AA7CA-C88B-44E7-B20D-930A44B2DAF7}
	EndGlobalSection
EndGlobal
